
Microsoft Visual Studio Solution File, Format Version 12.00
# Visual Studio Version 17
VisualStudioVersion = 17.13.35931.197 d17.13
MinimumVisualStudioVersion = 10.0.40219.1
Project("{FAE04EC0-301F-11D3-BF4B-00C04F79EFBC}") = "Week3_Lesson", "Week3_Lesson\Week3_Lesson.csproj", "{D0375E89-2E3D-41E1-9284-8195EAE789ED}"
EndProject
Global
	GlobalSection(SolutionConfigurationPlatforms) = preSolution
		Debug|Any CPU = Debug|Any CPU
		Release|Any CPU = Release|Any CPU
	EndGlobalSection
	GlobalSection(ProjectConfigurationPlatforms) = postSolution
		{D0375E89-2E3D-41E1-9284-8195EAE789ED}.Debug|Any CPU.ActiveCfg = Debug|Any CPU
		{D0375E89-2E3D-41E1-9284-8195EAE789ED}.Debug|Any CPU.Build.0 = Debug|Any CPU
		{D0375E89-2E3D-41E1-9284-8195EAE789ED}.Release|Any CPU.ActiveCfg = Release|Any CPU
		{D0375E89-2E3D-41E1-9284-8195EAE789ED}.Release|Any CPU.Build.0 = Release|Any CPU
	EndGlobalSection
	GlobalSection(SolutionProperties) = preSolution
		HideSolutionNode = FALSE
	EndGlobalSection
	GlobalSection(ExtensibilityGlobals) = postSolution
		SolutionGuid = {C0348ACE-A9B5-4B2D-8485-3623896A940D}
	EndGlobalSection
EndGlobal
