
Microsoft Visual Studio Solution File, Format Version 12.00
# Visual Studio Version 17
VisualStudioVersion = 17.0.31903.59
MinimumVisualStudioVersion = 10.0.40219.1
Project("{FAE04EC0-301F-11D3-BF4B-00C04F79EFBC}") = "OpenTK_Week_06", "OpenTK_Week_06\OpenTK_Week_06.csproj", "{BFE99B38-0078-4D9C-9D19-F8429BCB07C9}"
EndProject
Global
	GlobalSection(SolutionConfigurationPlatforms) = preSolution
		Debug|Any CPU = Debug|Any CPU
		Release|Any CPU = Release|Any CPU
	EndGlobalSection
	GlobalSection(SolutionProperties) = preSolution
		HideSolutionNode = FALSE
	EndGlobalSection
	GlobalSection(ProjectConfigurationPlatforms) = postSolution
		{BFE99B38-0078-4D9C-9D19-F8429BCB07C9}.Debug|Any CPU.ActiveCfg = Debug|Any CPU
		{BFE99B38-0078-4D9C-9D19-F8429BCB07C9}.Debug|Any CPU.Build.0 = Debug|Any CPU
		{BFE99B38-0078-4D9C-9D19-F8429BCB07C9}.Release|Any CPU.ActiveCfg = Release|Any CPU
		{BFE99B38-0078-4D9C-9D19-F8429BCB07C9}.Release|Any CPU.Build.0 = Release|Any CPU
	EndGlobalSection
EndGlobal
